
Microsoft Visual Studio Solution File, Format Version 12.00
# Visual Studio Version 16
VisualStudioVersion = 16.0.28809.33
MinimumVisualStudioVersion = 10.0.40219.1
Project("{FAE04EC0-301F-11D3-BF4B-00C04F79EFBC}") = "TQCAD", "TQCAD.csproj", "{23DC70A1-4716-4A1C-9419-6175491CA55A}"
EndProject
Global
	GlobalSection(SolutionConfigurationPlatforms) = preSolution
		Debug|Any CPU = Debug|Any CPU
		Debug|x64 = Debug|x64
		Release|Any CPU = Release|Any CPU
		Release|x64 = Release|x64
	EndGlobalSection
	GlobalSection(ProjectConfigurationPlatforms) = postSolution
		{23DC70A1-4716-4A1C-9419-6175491CA55A}.Debug|Any CPU.ActiveCfg = Debug|Any CPU
		{23DC70A1-4716-4A1C-9419-6175491CA55A}.Debug|Any CPU.Build.0 = Debug|Any CPU
		{23DC70A1-4716-4A1C-9419-6175491CA55A}.Debug|x64.ActiveCfg = Debug|x64
		{23DC70A1-4716-4A1C-9419-6175491CA55A}.Debug|x64.Build.0 = Debug|x64
		{23DC70A1-4716-4A1C-9419-6175491CA55A}.Release|Any CPU.ActiveCfg = Release|Any CPU
		{23DC70A1-4716-4A1C-9419-6175491CA55A}.Release|Any CPU.Build.0 = Release|Any CPU
		{23DC70A1-4716-4A1C-9419-6175491CA55A}.Release|x64.ActiveCfg = Release|x64
		{23DC70A1-4716-4A1C-9419-6175491CA55A}.Release|x64.Build.0 = Release|x64
	EndGlobalSection
	GlobalSection(SolutionProperties) = preSolution
		HideSolutionNode = FALSE
	EndGlobalSection
	GlobalSection(ExtensibilityGlobals) = postSolution
		SolutionGuid = {FC66BE1F-596A-4C63-805C-E74F151C7ECB}
	EndGlobalSection
EndGlobal
